// !$*UTF8*$!
{
	archiveVersion = 1;
	classes = {
	};
	objectVersion = 56;
	objects = {

/* Begin PBXBuildFile section */
		361E77712A8A1A5400D90EE9 /* NetworkService.swift in Sources */ = {isa = PBXBuildFile; fileRef = 361E77702A8A1A5400D90EE9 /* NetworkService.swift */; };
		361E77732A8A1CD400D90EE9 /* NetworkServiceErrors.swift in Sources */ = {isa = PBXBuildFile; fileRef = 361E77722A8A1CD400D90EE9 /* NetworkServiceErrors.swift */; };
		361E77762A8A279B00D90EE9 /* UserDetailPresenter.swift in Sources */ = {isa = PBXBuildFile; fileRef = 361E77752A8A279B00D90EE9 /* UserDetailPresenter.swift */; };
		361E777B2A8A2EBE00D90EE9 /* UserDetailViewController.swift in Sources */ = {isa = PBXBuildFile; fileRef = 361E77792A8A2EBE00D90EE9 /* UserDetailViewController.swift */; };
		361E777C2A8A2EBE00D90EE9 /* UserDetailViewController.xib in Resources */ = {isa = PBXBuildFile; fileRef = 361E777A2A8A2EBE00D90EE9 /* UserDetailViewController.xib */; };
		361E777E2A8A2EDF00D90EE9 /* UsersViewController+TableViewDelegate.swift in Sources */ = {isa = PBXBuildFile; fileRef = 361E777D2A8A2EDF00D90EE9 /* UsersViewController+TableViewDelegate.swift */; };
		361E77802A8A350100D90EE9 /* UsersViewController+UserViewProtocol.swift in Sources */ = {isa = PBXBuildFile; fileRef = 361E777F2A8A350100D90EE9 /* UsersViewController+UserViewProtocol.swift */; };
		361E77822A8A355B00D90EE9 /* UserDetailViewController+UserDetailViewProtocol.swift in Sources */ = {isa = PBXBuildFile; fileRef = 361E77812A8A355B00D90EE9 /* UserDetailViewController+UserDetailViewProtocol.swift */; };
		361E77842A8A35CC00D90EE9 /* RouterProtocol.swift in Sources */ = {isa = PBXBuildFile; fileRef = 361E77832A8A35CC00D90EE9 /* RouterProtocol.swift */; };
		368B85AA2A85316E008FD49C /* AppDelegate.swift in Sources */ = {isa = PBXBuildFile; fileRef = 368B85A92A85316E008FD49C /* AppDelegate.swift */; };
		368B85AC2A85316E008FD49C /* SceneDelegate.swift in Sources */ = {isa = PBXBuildFile; fileRef = 368B85AB2A85316E008FD49C /* SceneDelegate.swift */; };
		368B85B32A85316F008FD49C /* Assets.xcassets in Resources */ = {isa = PBXBuildFile; fileRef = 368B85B22A85316F008FD49C /* Assets.xcassets */; };
		368B85B62A85316F008FD49C /* LaunchScreen.storyboard in Resources */ = {isa = PBXBuildFile; fileRef = 368B85B42A85316F008FD49C /* LaunchScreen.storyboard */; };
		368B85C12A85316F008FD49C /* MVP_ExampleTests.swift in Sources */ = {isa = PBXBuildFile; fileRef = 368B85C02A85316F008FD49C /* MVP_ExampleTests.swift */; };
		368B85CB2A85316F008FD49C /* MVP_ExampleUITests.swift in Sources */ = {isa = PBXBuildFile; fileRef = 368B85CA2A85316F008FD49C /* MVP_ExampleUITests.swift */; };
		368B85CD2A85316F008FD49C /* MVP_ExampleUITestsLaunchTests.swift in Sources */ = {isa = PBXBuildFile; fileRef = 368B85CC2A85316F008FD49C /* MVP_ExampleUITestsLaunchTests.swift */; };
		368B85DB2A8531BF008FD49C /* User.swift in Sources */ = {isa = PBXBuildFile; fileRef = 368B85DA2A8531BF008FD49C /* User.swift */; };
		368B85DE2A85321D008FD49C /* UserMainPresenter.swift in Sources */ = {isa = PBXBuildFile; fileRef = 368B85DD2A85321D008FD49C /* UserMainPresenter.swift */; };
		368B85E32A853521008FD49C /* UsersViewController.swift in Sources */ = {isa = PBXBuildFile; fileRef = 368B85E12A853521008FD49C /* UsersViewController.swift */; };
		368B85E42A853521008FD49C /* UsersViewController.xib in Resources */ = {isa = PBXBuildFile; fileRef = 368B85E22A853521008FD49C /* UsersViewController.xib */; };
		368B85E72A8538A0008FD49C /* AssemblyModuleBuilder.swift in Sources */ = {isa = PBXBuildFile; fileRef = 368B85E62A8538A0008FD49C /* AssemblyModuleBuilder.swift */; };
		368B85EA2A853BEE008FD49C /* PersonsModuleTest.swift in Sources */ = {isa = PBXBuildFile; fileRef = 368B85E92A853BEE008FD49C /* PersonsModuleTest.swift */; };
/* End PBXBuildFile section */

/* Begin PBXContainerItemProxy section */
		368B85BD2A85316F008FD49C /* PBXContainerItemProxy */ = {
			isa = PBXContainerItemProxy;
			containerPortal = 368B859E2A85316E008FD49C /* Project object */;
			proxyType = 1;
			remoteGlobalIDString = 368B85A52A85316E008FD49C;
			remoteInfo = MVP_Example;
		};
		368B85C72A85316F008FD49C /* PBXContainerItemProxy */ = {
			isa = PBXContainerItemProxy;
			containerPortal = 368B859E2A85316E008FD49C /* Project object */;
			proxyType = 1;
			remoteGlobalIDString = 368B85A52A85316E008FD49C;
			remoteInfo = MVP_Example;
		};
/* End PBXContainerItemProxy section */

/* Begin PBXFileReference section */
		361E77702A8A1A5400D90EE9 /* NetworkService.swift */ = {isa = PBXFileReference; lastKnownFileType = sourcecode.swift; path = NetworkService.swift; sourceTree = "<group>"; };
		361E77722A8A1CD400D90EE9 /* NetworkServiceErrors.swift */ = {isa = PBXFileReference; lastKnownFileType = sourcecode.swift; path = NetworkServiceErrors.swift; sourceTree = "<group>"; };
		361E77752A8A279B00D90EE9 /* UserDetailPresenter.swift */ = {isa = PBXFileReference; lastKnownFileType = sourcecode.swift; path = UserDetailPresenter.swift; sourceTree = "<group>"; };
		361E77792A8A2EBE00D90EE9 /* UserDetailViewController.swift */ = {isa = PBXFileReference; lastKnownFileType = sourcecode.swift; path = UserDetailViewController.swift; sourceTree = "<group>"; };
		361E777A2A8A2EBE00D90EE9 /* UserDetailViewController.xib */ = {isa = PBXFileReference; lastKnownFileType = file.xib; path = UserDetailViewController.xib; sourceTree = "<group>"; };
		361E777D2A8A2EDF00D90EE9 /* UsersViewController+TableViewDelegate.swift */ = {isa = PBXFileReference; lastKnownFileType = sourcecode.swift; path = "UsersViewController+TableViewDelegate.swift"; sourceTree = "<group>"; };
		361E777F2A8A350100D90EE9 /* UsersViewController+UserViewProtocol.swift */ = {isa = PBXFileReference; lastKnownFileType = sourcecode.swift; path = "UsersViewController+UserViewProtocol.swift"; sourceTree = "<group>"; };
		361E77812A8A355B00D90EE9 /* UserDetailViewController+UserDetailViewProtocol.swift */ = {isa = PBXFileReference; lastKnownFileType = sourcecode.swift; path = "UserDetailViewController+UserDetailViewProtocol.swift"; sourceTree = "<group>"; };
		361E77832A8A35CC00D90EE9 /* RouterProtocol.swift */ = {isa = PBXFileReference; lastKnownFileType = sourcecode.swift; path = RouterProtocol.swift; sourceTree = "<group>"; };
		368B85A62A85316E008FD49C /* MVP_Example.app */ = {isa = PBXFileReference; explicitFileType = wrapper.application; includeInIndex = 0; path = MVP_Example.app; sourceTree = BUILT_PRODUCTS_DIR; };
		368B85A92A85316E008FD49C /* AppDelegate.swift */ = {isa = PBXFileReference; lastKnownFileType = sourcecode.swift; path = AppDelegate.swift; sourceTree = "<group>"; };
		368B85AB2A85316E008FD49C /* SceneDelegate.swift */ = {isa = PBXFileReference; lastKnownFileType = sourcecode.swift; path = SceneDelegate.swift; sourceTree = "<group>"; };
		368B85B22A85316F008FD49C /* Assets.xcassets */ = {isa = PBXFileReference; lastKnownFileType = folder.assetcatalog; path = Assets.xcassets; sourceTree = "<group>"; };
		368B85B52A85316F008FD49C /* Base */ = {isa = PBXFileReference; lastKnownFileType = file.storyboard; name = Base; path = Base.lproj/LaunchScreen.storyboard; sourceTree = "<group>"; };
		368B85B72A85316F008FD49C /* Info.plist */ = {isa = PBXFileReference; lastKnownFileType = text.plist.xml; path = Info.plist; sourceTree = "<group>"; };
		368B85BC2A85316F008FD49C /* MVP_ExampleTests.xctest */ = {isa = PBXFileReference; explicitFileType = wrapper.cfbundle; includeInIndex = 0; path = MVP_ExampleTests.xctest; sourceTree = BUILT_PRODUCTS_DIR; };
		368B85C02A85316F008FD49C /* MVP_ExampleTests.swift */ = {isa = PBXFileReference; lastKnownFileType = sourcecode.swift; path = MVP_ExampleTests.swift; sourceTree = "<group>"; };
		368B85C62A85316F008FD49C /* MVP_ExampleUITests.xctest */ = {isa = PBXFileReference; explicitFileType = wrapper.cfbundle; includeInIndex = 0; path = MVP_ExampleUITests.xctest; sourceTree = BUILT_PRODUCTS_DIR; };
		368B85CA2A85316F008FD49C /* MVP_ExampleUITests.swift */ = {isa = PBXFileReference; lastKnownFileType = sourcecode.swift; path = MVP_ExampleUITests.swift; sourceTree = "<group>"; };
		368B85CC2A85316F008FD49C /* MVP_ExampleUITestsLaunchTests.swift */ = {isa = PBXFileReference; lastKnownFileType = sourcecode.swift; path = MVP_ExampleUITestsLaunchTests.swift; sourceTree = "<group>"; };
		368B85DA2A8531BF008FD49C /* User.swift */ = {isa = PBXFileReference; lastKnownFileType = sourcecode.swift; path = User.swift; sourceTree = "<group>"; };
		368B85DD2A85321D008FD49C /* UserMainPresenter.swift */ = {isa = PBXFileReference; lastKnownFileType = sourcecode.swift; path = UserMainPresenter.swift; sourceTree = "<group>"; };
		368B85E12A853521008FD49C /* UsersViewController.swift */ = {isa = PBXFileReference; lastKnownFileType = sourcecode.swift; path = UsersViewController.swift; sourceTree = "<group>"; };
		368B85E22A853521008FD49C /* UsersViewController.xib */ = {isa = PBXFileReference; lastKnownFileType = file.xib; path = UsersViewController.xib; sourceTree = "<group>"; };
		368B85E62A8538A0008FD49C /* AssemblyModuleBuilder.swift */ = {isa = PBXFileReference; lastKnownFileType = sourcecode.swift; path = AssemblyModuleBuilder.swift; sourceTree = "<group>"; };
		368B85E92A853BEE008FD49C /* PersonsModuleTest.swift */ = {isa = PBXFileReference; lastKnownFileType = sourcecode.swift; path = PersonsModuleTest.swift; sourceTree = "<group>"; };
/* End PBXFileReference section */

/* Begin PBXFrameworksBuildPhase section */
		368B85A32A85316E008FD49C /* Frameworks */ = {
			isa = PBXFrameworksBuildPhase;
			buildActionMask = 2147483647;
			files = (
			);
			runOnlyForDeploymentPostprocessing = 0;
		};
		368B85B92A85316F008FD49C /* Frameworks */ = {
			isa = PBXFrameworksBuildPhase;
			buildActionMask = 2147483647;
			files = (
			);
			runOnlyForDeploymentPostprocessing = 0;
		};
		368B85C32A85316F008FD49C /* Frameworks */ = {
			isa = PBXFrameworksBuildPhase;
			buildActionMask = 2147483647;
			files = (
			);
			runOnlyForDeploymentPostprocessing = 0;
		};
/* End PBXFrameworksBuildPhase section */

/* Begin PBXGroup section */
		361E776F2A8A1A4800D90EE9 /* ServiceLayer */ = {
			isa = PBXGroup;
			children = (
				361E77862A8A432100D90EE9 /* NetworkService */,
				361E77852A8A430C00D90EE9 /* Router */,
				368B85E52A853893008FD49C /* Assembly */,
			);
			path = ServiceLayer;
			sourceTree = "<group>";
		};
		361E77742A8A278B00D90EE9 /* UserDetailModule */ = {
			isa = PBXGroup;
			children = (
				361E77782A8A2EA700D90EE9 /* View */,
				361E77772A8A2E9F00D90EE9 /* Presenter */,
			);
			path = UserDetailModule;
			sourceTree = "<group>";
		};
		361E77772A8A2E9F00D90EE9 /* Presenter */ = {
			isa = PBXGroup;
			children = (
				361E77752A8A279B00D90EE9 /* UserDetailPresenter.swift */,
			);
			path = Presenter;
			sourceTree = "<group>";
		};
		361E77782A8A2EA700D90EE9 /* View */ = {
			isa = PBXGroup;
			children = (
				361E77792A8A2EBE00D90EE9 /* UserDetailViewController.swift */,
				361E77812A8A355B00D90EE9 /* UserDetailViewController+UserDetailViewProtocol.swift */,
				361E777A2A8A2EBE00D90EE9 /* UserDetailViewController.xib */,
			);
			path = View;
			sourceTree = "<group>";
		};
		361E77852A8A430C00D90EE9 /* Router */ = {
			isa = PBXGroup;
			children = (
				361E77832A8A35CC00D90EE9 /* RouterProtocol.swift */,
			);
			path = Router;
			sourceTree = "<group>";
		};
		361E77862A8A432100D90EE9 /* NetworkService */ = {
			isa = PBXGroup;
			children = (
				361E77702A8A1A5400D90EE9 /* NetworkService.swift */,
				361E77722A8A1CD400D90EE9 /* NetworkServiceErrors.swift */,
			);
			path = NetworkService;
			sourceTree = "<group>";
		};
		368B859D2A85316E008FD49C = {
			isa = PBXGroup;
			children = (
				368B85A82A85316E008FD49C /* MVP_Example */,
				368B85BF2A85316F008FD49C /* MVP_ExampleTests */,
				368B85C92A85316F008FD49C /* MVP_ExampleUITests */,
				368B85A72A85316E008FD49C /* Products */,
			);
			sourceTree = "<group>";
		};
		368B85A72A85316E008FD49C /* Products */ = {
			isa = PBXGroup;
			children = (
				368B85A62A85316E008FD49C /* MVP_Example.app */,
				368B85BC2A85316F008FD49C /* MVP_ExampleTests.xctest */,
				368B85C62A85316F008FD49C /* MVP_ExampleUITests.xctest */,
			);
			name = Products;
			sourceTree = "<group>";
		};
		368B85A82A85316E008FD49C /* MVP_Example */ = {
			isa = PBXGroup;
			children = (
				361E776F2A8A1A4800D90EE9 /* ServiceLayer */,
				368B85DF2A8534F6008FD49C /* UsersModule */,
				361E77742A8A278B00D90EE9 /* UserDetailModule */,
				368B85A92A85316E008FD49C /* AppDelegate.swift */,
				368B85AB2A85316E008FD49C /* SceneDelegate.swift */,
				368B85B22A85316F008FD49C /* Assets.xcassets */,
				368B85B42A85316F008FD49C /* LaunchScreen.storyboard */,
				368B85B72A85316F008FD49C /* Info.plist */,
			);
			path = MVP_Example;
			sourceTree = "<group>";
		};
		368B85BF2A85316F008FD49C /* MVP_ExampleTests */ = {
			isa = PBXGroup;
			children = (
				368B85E82A853BD8008FD49C /* PersonsModuleTest */,
				368B85C02A85316F008FD49C /* MVP_ExampleTests.swift */,
			);
			path = MVP_ExampleTests;
			sourceTree = "<group>";
		};
		368B85C92A85316F008FD49C /* MVP_ExampleUITests */ = {
			isa = PBXGroup;
			children = (
				368B85CA2A85316F008FD49C /* MVP_ExampleUITests.swift */,
				368B85CC2A85316F008FD49C /* MVP_ExampleUITestsLaunchTests.swift */,
			);
			path = MVP_ExampleUITests;
			sourceTree = "<group>";
		};
		368B85D92A8531B5008FD49C /* Model */ = {
			isa = PBXGroup;
			children = (
				368B85DA2A8531BF008FD49C /* User.swift */,
			);
			path = Model;
			sourceTree = "<group>";
		};
		368B85DC2A853216008FD49C /* Presenter */ = {
			isa = PBXGroup;
			children = (
				368B85DD2A85321D008FD49C /* UserMainPresenter.swift */,
			);
			path = Presenter;
			sourceTree = "<group>";
		};
		368B85DF2A8534F6008FD49C /* UsersModule */ = {
			isa = PBXGroup;
			children = (
				368B85D92A8531B5008FD49C /* Model */,
				368B85E02A85350A008FD49C /* View */,
				368B85DC2A853216008FD49C /* Presenter */,
			);
			path = UsersModule;
			sourceTree = "<group>";
		};
		368B85E02A85350A008FD49C /* View */ = {
			isa = PBXGroup;
			children = (
				368B85E12A853521008FD49C /* UsersViewController.swift */,
				361E777D2A8A2EDF00D90EE9 /* UsersViewController+TableViewDelegate.swift */,
				361E777F2A8A350100D90EE9 /* UsersViewController+UserViewProtocol.swift */,
				368B85E22A853521008FD49C /* UsersViewController.xib */,
			);
			path = View;
			sourceTree = "<group>";
		};
		368B85E52A853893008FD49C /* Assembly */ = {
			isa = PBXGroup;
			children = (
				368B85E62A8538A0008FD49C /* AssemblyModuleBuilder.swift */,
			);
			path = Assembly;
			sourceTree = "<group>";
		};
		368B85E82A853BD8008FD49C /* PersonsModuleTest */ = {
			isa = PBXGroup;
			children = (
				368B85E92A853BEE008FD49C /* PersonsModuleTest.swift */,
			);
			path = PersonsModuleTest;
			sourceTree = "<group>";
		};
/* End PBXGroup section */

/* Begin PBXNativeTarget section */
		368B85A52A85316E008FD49C /* MVP_Example */ = {
			isa = PBXNativeTarget;
			buildConfigurationList = 368B85D02A85316F008FD49C /* Build configuration list for PBXNativeTarget "MVP_Example" */;
			buildPhases = (
				368B85A22A85316E008FD49C /* Sources */,
				368B85A32A85316E008FD49C /* Frameworks */,
				368B85A42A85316E008FD49C /* Resources */,
			);
			buildRules = (
			);
			dependencies = (
			);
			name = MVP_Example;
			productName = MVP_Example;
			productReference = 368B85A62A85316E008FD49C /* MVP_Example.app */;
			productType = "com.apple.product-type.application";
		};
		368B85BB2A85316F008FD49C /* MVP_ExampleTests */ = {
			isa = PBXNativeTarget;
			buildConfigurationList = 368B85D32A85316F008FD49C /* Build configuration list for PBXNativeTarget "MVP_ExampleTests" */;
			buildPhases = (
				368B85B82A85316F008FD49C /* Sources */,
				368B85B92A85316F008FD49C /* Frameworks */,
				368B85BA2A85316F008FD49C /* Resources */,
			);
			buildRules = (
			);
			dependencies = (
				368B85BE2A85316F008FD49C /* PBXTargetDependency */,
			);
			name = MVP_ExampleTests;
			productName = MVP_ExampleTests;
			productReference = 368B85BC2A85316F008FD49C /* MVP_ExampleTests.xctest */;
			productType = "com.apple.product-type.bundle.unit-test";
		};
		368B85C52A85316F008FD49C /* MVP_ExampleUITests */ = {
			isa = PBXNativeTarget;
			buildConfigurationList = 368B85D62A85316F008FD49C /* Build configuration list for PBXNativeTarget "MVP_ExampleUITests" */;
			buildPhases = (
				368B85C22A85316F008FD49C /* Sources */,
				368B85C32A85316F008FD49C /* Frameworks */,
				368B85C42A85316F008FD49C /* Resources */,
			);
			buildRules = (
			);
			dependencies = (
				368B85C82A85316F008FD49C /* PBXTargetDependency */,
			);
			name = MVP_ExampleUITests;
			productName = MVP_ExampleUITests;
			productReference = 368B85C62A85316F008FD49C /* MVP_ExampleUITests.xctest */;
			productType = "com.apple.product-type.bundle.ui-testing";
		};
/* End PBXNativeTarget section */

/* Begin PBXProject section */
		368B859E2A85316E008FD49C /* Project object */ = {
			isa = PBXProject;
			attributes = {
				BuildIndependentTargetsInParallel = 1;
				LastSwiftUpdateCheck = 1430;
				LastUpgradeCheck = 1430;
				TargetAttributes = {
					368B85A52A85316E008FD49C = {
						CreatedOnToolsVersion = 14.3.1;
					};
					368B85BB2A85316F008FD49C = {
						CreatedOnToolsVersion = 14.3.1;
						TestTargetID = 368B85A52A85316E008FD49C;
					};
					368B85C52A85316F008FD49C = {
						CreatedOnToolsVersion = 14.3.1;
						TestTargetID = 368B85A52A85316E008FD49C;
					};
				};
			};
			buildConfigurationList = 368B85A12A85316E008FD49C /* Build configuration list for PBXProject "MVP_Example" */;
			compatibilityVersion = "Xcode 14.0";
			developmentRegion = en;
			hasScannedForEncodings = 0;
			knownRegions = (
				en,
				Base,
			);
			mainGroup = 368B859D2A85316E008FD49C;
			productRefGroup = 368B85A72A85316E008FD49C /* Products */;
			projectDirPath = "";
			projectRoot = "";
			targets = (
				368B85A52A85316E008FD49C /* MVP_Example */,
				368B85BB2A85316F008FD49C /* MVP_ExampleTests */,
				368B85C52A85316F008FD49C /* MVP_ExampleUITests */,
			);
		};
/* End PBXProject section */

/* Begin PBXResourcesBuildPhase section */
		368B85A42A85316E008FD49C /* Resources */ = {
			isa = PBXResourcesBuildPhase;
			buildActionMask = 2147483647;
			files = (
				368B85B62A85316F008FD49C /* LaunchScreen.storyboard in Resources */,
				368B85E42A853521008FD49C /* UsersViewController.xib in Resources */,
				361E777C2A8A2EBE00D90EE9 /* UserDetailViewController.xib in Resources */,
				368B85B32A85316F008FD49C /* Assets.xcassets in Resources */,
			);
			runOnlyForDeploymentPostprocessing = 0;
		};
		368B85BA2A85316F008FD49C /* Resources */ = {
			isa = PBXResourcesBuildPhase;
			buildActionMask = 2147483647;
			files = (
			);
			runOnlyForDeploymentPostprocessing = 0;
		};
		368B85C42A85316F008FD49C /* Resources */ = {
			isa = PBXResourcesBuildPhase;
			buildActionMask = 2147483647;
			files = (
			);
			runOnlyForDeploymentPostprocessing = 0;
		};
/* End PBXResourcesBuildPhase section */

/* Begin PBXSourcesBuildPhase section */
		368B85A22A85316E008FD49C /* Sources */ = {
			isa = PBXSourcesBuildPhase;
			buildActionMask = 2147483647;
			files = (
				361E777E2A8A2EDF00D90EE9 /* UsersViewController+TableViewDelegate.swift in Sources */,
				368B85DE2A85321D008FD49C /* UserMainPresenter.swift in Sources */,
				368B85AA2A85316E008FD49C /* AppDelegate.swift in Sources */,
				368B85DB2A8531BF008FD49C /* User.swift in Sources */,
				368B85E32A853521008FD49C /* UsersViewController.swift in Sources */,
				361E77802A8A350100D90EE9 /* UsersViewController+UserViewProtocol.swift in Sources */,
				368B85AC2A85316E008FD49C /* SceneDelegate.swift in Sources */,
				361E77732A8A1CD400D90EE9 /* NetworkServiceErrors.swift in Sources */,
				361E77842A8A35CC00D90EE9 /* RouterProtocol.swift in Sources */,
				361E777B2A8A2EBE00D90EE9 /* UserDetailViewController.swift in Sources */,
				361E77822A8A355B00D90EE9 /* UserDetailViewController+UserDetailViewProtocol.swift in Sources */,
				361E77762A8A279B00D90EE9 /* UserDetailPresenter.swift in Sources */,
				368B85E72A8538A0008FD49C /* AssemblyModuleBuilder.swift in Sources */,
				361E77712A8A1A5400D90EE9 /* NetworkService.swift in Sources */,
			);
			runOnlyForDeploymentPostprocessing = 0;
		};
		368B85B82A85316F008FD49C /* Sources */ = {
			isa = PBXSourcesBuildPhase;
			buildActionMask = 2147483647;
			files = (
				368B85EA2A853BEE008FD49C /* PersonsModuleTest.swift in Sources */,
				368B85C12A85316F008FD49C /* MVP_ExampleTests.swift in Sources */,
			);
			runOnlyForDeploymentPostprocessing = 0;
		};
		368B85C22A85316F008FD49C /* Sources */ = {
			isa = PBXSourcesBuildPhase;
			buildActionMask = 2147483647;
			files = (
				368B85CB2A85316F008FD49C /* MVP_ExampleUITests.swift in Sources */,
				368B85CD2A85316F008FD49C /* MVP_ExampleUITestsLaunchTests.swift in Sources */,
			);
			runOnlyForDeploymentPostprocessing = 0;
		};
/* End PBXSourcesBuildPhase section */

/* Begin PBXTargetDependency section */
		368B85BE2A85316F008FD49C /* PBXTargetDependency */ = {
			isa = PBXTargetDependency;
			target = 368B85A52A85316E008FD49C /* MVP_Example */;
			targetProxy = 368B85BD2A85316F008FD49C /* PBXContainerItemProxy */;
		};
		368B85C82A85316F008FD49C /* PBXTargetDependency */ = {
			isa = PBXTargetDependency;
			target = 368B85A52A85316E008FD49C /* MVP_Example */;
			targetProxy = 368B85C72A85316F008FD49C /* PBXContainerItemProxy */;
		};
/* End PBXTargetDependency section */

/* Begin PBXVariantGroup section */
		368B85B42A85316F008FD49C /* LaunchScreen.storyboard */ = {
			isa = PBXVariantGroup;
			children = (
				368B85B52A85316F008FD49C /* Base */,
			);
			name = LaunchScreen.storyboard;
			sourceTree = "<group>";
		};
/* End PBXVariantGroup section */

/* Begin XCBuildConfiguration section */
		368B85CE2A85316F008FD49C /* Debug */ = {
			isa = XCBuildConfiguration;
			buildSettings = {
				ALWAYS_SEARCH_USER_PATHS = NO;
				CLANG_ANALYZER_NONNULL = YES;
				CLANG_ANALYZER_NUMBER_OBJECT_CONVERSION = YES_AGGRESSIVE;
				CLANG_CXX_LANGUAGE_STANDARD = "gnu++20";
				CLANG_ENABLE_MODULES = YES;
				CLANG_ENABLE_OBJC_ARC = YES;
				CLANG_ENABLE_OBJC_WEAK = YES;
				CLANG_WARN_BLOCK_CAPTURE_AUTORELEASING = YES;
				CLANG_WARN_BOOL_CONVERSION = YES;
				CLANG_WARN_COMMA = YES;
				CLANG_WARN_CONSTANT_CONVERSION = YES;
				CLANG_WARN_DEPRECATED_OBJC_IMPLEMENTATIONS = YES;
				CLANG_WARN_DIRECT_OBJC_ISA_USAGE = YES_ERROR;
				CLANG_WARN_DOCUMENTATION_COMMENTS = YES;
				CLANG_WARN_EMPTY_BODY = YES;
				CLANG_WARN_ENUM_CONVERSION = YES;
				CLANG_WARN_INFINITE_RECURSION = YES;
				CLANG_WARN_INT_CONVERSION = YES;
				CLANG_WARN_NON_LITERAL_NULL_CONVERSION = YES;
				CLANG_WARN_OBJC_IMPLICIT_RETAIN_SELF = YES;
				CLANG_WARN_OBJC_LITERAL_CONVERSION = YES;
				CLANG_WARN_OBJC_ROOT_CLASS = YES_ERROR;
				CLANG_WARN_QUOTED_INCLUDE_IN_FRAMEWORK_HEADER = YES;
				CLANG_WARN_RANGE_LOOP_ANALYSIS = YES;
				CLANG_WARN_STRICT_PROTOTYPES = YES;
				CLANG_WARN_SUSPICIOUS_MOVE = YES;
				CLANG_WARN_UNGUARDED_AVAILABILITY = YES_AGGRESSIVE;
				CLANG_WARN_UNREACHABLE_CODE = YES;
				CLANG_WARN__DUPLICATE_METHOD_MATCH = YES;
				COPY_PHASE_STRIP = NO;
				DEBUG_INFORMATION_FORMAT = dwarf;
				ENABLE_STRICT_OBJC_MSGSEND = YES;
				ENABLE_TESTABILITY = YES;
				GCC_C_LANGUAGE_STANDARD = gnu11;
				GCC_DYNAMIC_NO_PIC = NO;
				GCC_NO_COMMON_BLOCKS = YES;
				GCC_OPTIMIZATION_LEVEL = 0;
				GCC_PREPROCESSOR_DEFINITIONS = (
					"DEBUG=1",
					"$(inherited)",
				);
				GCC_WARN_64_TO_32_BIT_CONVERSION = YES;
				GCC_WARN_ABOUT_RETURN_TYPE = YES_ERROR;
				GCC_WARN_UNDECLARED_SELECTOR = YES;
				GCC_WARN_UNINITIALIZED_AUTOS = YES_AGGRESSIVE;
				GCC_WARN_UNUSED_FUNCTION = YES;
				GCC_WARN_UNUSED_VARIABLE = YES;
				IPHONEOS_DEPLOYMENT_TARGET = 14.0;
				MTL_ENABLE_DEBUG_INFO = INCLUDE_SOURCE;
				MTL_FAST_MATH = YES;
				ONLY_ACTIVE_ARCH = YES;
				SDKROOT = iphoneos;
				SWIFT_ACTIVE_COMPILATION_CONDITIONS = DEBUG;
				SWIFT_OPTIMIZATION_LEVEL = "-Onone";
			};
			name = Debug;
		};
		368B85CF2A85316F008FD49C /* Release */ = {
			isa = XCBuildConfiguration;
			buildSettings = {
				ALWAYS_SEARCH_USER_PATHS = NO;
				CLANG_ANALYZER_NONNULL = YES;
				CLANG_ANALYZER_NUMBER_OBJECT_CONVERSION = YES_AGGRESSIVE;
				CLANG_CXX_LANGUAGE_STANDARD = "gnu++20";
				CLANG_ENABLE_MODULES = YES;
				CLANG_ENABLE_OBJC_ARC = YES;
				CLANG_ENABLE_OBJC_WEAK = YES;
				CLANG_WARN_BLOCK_CAPTURE_AUTORELEASING = YES;
				CLANG_WARN_BOOL_CONVERSION = YES;
				CLANG_WARN_COMMA = YES;
				CLANG_WARN_CONSTANT_CONVERSION = YES;
				CLANG_WARN_DEPRECATED_OBJC_IMPLEMENTATIONS = YES;
				CLANG_WARN_DIRECT_OBJC_ISA_USAGE = YES_ERROR;
				CLANG_WARN_DOCUMENTATION_COMMENTS = YES;
				CLANG_WARN_EMPTY_BODY = YES;
				CLANG_WARN_ENUM_CONVERSION = YES;
				CLANG_WARN_INFINITE_RECURSION = YES;
				CLANG_WARN_INT_CONVERSION = YES;
				CLANG_WARN_NON_LITERAL_NULL_CONVERSION = YES;
				CLANG_WARN_OBJC_IMPLICIT_RETAIN_SELF = YES;
				CLANG_WARN_OBJC_LITERAL_CONVERSION = YES;
				CLANG_WARN_OBJC_ROOT_CLASS = YES_ERROR;
				CLANG_WARN_QUOTED_INCLUDE_IN_FRAMEWORK_HEADER = YES;
				CLANG_WARN_RANGE_LOOP_ANALYSIS = YES;
				CLANG_WARN_STRICT_PROTOTYPES = YES;
				CLANG_WARN_SUSPICIOUS_MOVE = YES;
				CLANG_WARN_UNGUARDED_AVAILABILITY = YES_AGGRESSIVE;
				CLANG_WARN_UNREACHABLE_CODE = YES;
				CLANG_WARN__DUPLICATE_METHOD_MATCH = YES;
				COPY_PHASE_STRIP = NO;
				DEBUG_INFORMATION_FORMAT = "dwarf-with-dsym";
				ENABLE_NS_ASSERTIONS = NO;
				ENABLE_STRICT_OBJC_MSGSEND = YES;
				GCC_C_LANGUAGE_STANDARD = gnu11;
				GCC_NO_COMMON_BLOCKS = YES;
				GCC_WARN_64_TO_32_BIT_CONVERSION = YES;
				GCC_WARN_ABOUT_RETURN_TYPE = YES_ERROR;
				GCC_WARN_UNDECLARED_SELECTOR = YES;
				GCC_WARN_UNINITIALIZED_AUTOS = YES_AGGRESSIVE;
				GCC_WARN_UNUSED_FUNCTION = YES;
				GCC_WARN_UNUSED_VARIABLE = YES;
				IPHONEOS_DEPLOYMENT_TARGET = 14.0;
				MTL_ENABLE_DEBUG_INFO = NO;
				MTL_FAST_MATH = YES;
				SDKROOT = iphoneos;
				SWIFT_COMPILATION_MODE = wholemodule;
				SWIFT_OPTIMIZATION_LEVEL = "-O";
				VALIDATE_PRODUCT = YES;
			};
			name = Release;
		};
		368B85D12A85316F008FD49C /* Debug */ = {
			isa = XCBuildConfiguration;
			buildSettings = {
				ASSETCATALOG_COMPILER_APPICON_NAME = AppIcon;
				ASSETCATALOG_COMPILER_GLOBAL_ACCENT_COLOR_NAME = AccentColor;
				CODE_SIGN_STYLE = Automatic;
				CURRENT_PROJECT_VERSION = 1;
				DEVELOPMENT_TEAM = 65D24US5AQ;
				GENERATE_INFOPLIST_FILE = YES;
				INFOPLIST_FILE = MVP_Example/Info.plist;
				INFOPLIST_KEY_UIApplicationSupportsIndirectInputEvents = YES;
				INFOPLIST_KEY_UILaunchStoryboardName = LaunchScreen;
				INFOPLIST_KEY_UISupportedInterfaceOrientations_iPad = "UIInterfaceOrientationPortrait UIInterfaceOrientationPortraitUpsideDown UIInterfaceOrientationLandscapeLeft UIInterfaceOrientationLandscapeRight";
				INFOPLIST_KEY_UISupportedInterfaceOrientations_iPhone = "UIInterfaceOrientationPortrait UIInterfaceOrientationLandscapeLeft UIInterfaceOrientationLandscapeRight";
				IPHONEOS_DEPLOYMENT_TARGET = 14.0;
				LD_RUNPATH_SEARCH_PATHS = (
					"$(inherited)",
					"@executable_path/Frameworks",
				);
				MARKETING_VERSION = 1.0;
				PRODUCT_BUNDLE_IDENTIFIER = "ciCdExample.MVP-Example";
				PRODUCT_NAME = "$(TARGET_NAME)";
				SWIFT_EMIT_LOC_STRINGS = YES;
				SWIFT_VERSION = 5.0;
				TARGETED_DEVICE_FAMILY = "1,2";
			};
			name = Debug;
		};
		368B85D22A85316F008FD49C /* Release */ = {
			isa = XCBuildConfiguration;
			buildSettings = {
				ASSETCATALOG_COMPILER_APPICON_NAME = AppIcon;
				ASSETCATALOG_COMPILER_GLOBAL_ACCENT_COLOR_NAME = AccentColor;
				CODE_SIGN_STYLE = Automatic;
				CURRENT_PROJECT_VERSION = 1;
				DEVELOPMENT_TEAM = 65D24US5AQ;
				GENERATE_INFOPLIST_FILE = YES;
				INFOPLIST_FILE = MVP_Example/Info.plist;
				INFOPLIST_KEY_UIApplicationSupportsIndirectInputEvents = YES;
				INFOPLIST_KEY_UILaunchStoryboardName = LaunchScreen;
				INFOPLIST_KEY_UISupportedInterfaceOrientations_iPad = "UIInterfaceOrientationPortrait UIInterfaceOrientationPortraitUpsideDown UIInterfaceOrientationLandscapeLeft UIInterfaceOrientationLandscapeRight";
				INFOPLIST_KEY_UISupportedInterfaceOrientations_iPhone = "UIInterfaceOrientationPortrait UIInterfaceOrientationLandscapeLeft UIInterfaceOrientationLandscapeRight";
				IPHONEOS_DEPLOYMENT_TARGET = 14.0;
				LD_RUNPATH_SEARCH_PATHS = (
					"$(inherited)",
					"@executable_path/Frameworks",
				);
				MARKETING_VERSION = 1.0;
				PRODUCT_BUNDLE_IDENTIFIER = "ciCdExample.MVP-Example";
				PRODUCT_NAME = "$(TARGET_NAME)";
				SWIFT_EMIT_LOC_STRINGS = YES;
				SWIFT_VERSION = 5.0;
				TARGETED_DEVICE_FAMILY = "1,2";
			};
			name = Release;
		};
		368B85D42A85316F008FD49C /* Debug */ = {
			isa = XCBuildConfiguration;
			buildSettings = {
				ALWAYS_EMBED_SWIFT_STANDARD_LIBRARIES = YES;
				BUNDLE_LOADER = "$(TEST_HOST)";
				CODE_SIGN_STYLE = Automatic;
				CURRENT_PROJECT_VERSION = 1;
				DEVELOPMENT_TEAM = 65D24US5AQ;
				GENERATE_INFOPLIST_FILE = YES;
				IPHONEOS_DEPLOYMENT_TARGET = 16.4;
				MARKETING_VERSION = 1.0;
				PRODUCT_BUNDLE_IDENTIFIER = "ciCdExample.MVP-ExampleTests";
				PRODUCT_NAME = "$(TARGET_NAME)";
				SWIFT_EMIT_LOC_STRINGS = NO;
				SWIFT_VERSION = 5.0;
				TARGETED_DEVICE_FAMILY = "1,2";
				TEST_HOST = "$(BUILT_PRODUCTS_DIR)/MVP_Example.app/$(BUNDLE_EXECUTABLE_FOLDER_PATH)/MVP_Example";
			};
			name = Debug;
		};
		368B85D52A85316F008FD49C /* Release */ = {
			isa = XCBuildConfiguration;
			buildSettings = {
				ALWAYS_EMBED_SWIFT_STANDARD_LIBRARIES = YES;
				BUNDLE_LOADER = "$(TEST_HOST)";
				CODE_SIGN_STYLE = Automatic;
				CURRENT_PROJECT_VERSION = 1;
				DEVELOPMENT_TEAM = 65D24US5AQ;
				GENERATE_INFOPLIST_FILE = YES;
				IPHONEOS_DEPLOYMENT_TARGET = 16.4;
				MARKETING_VERSION = 1.0;
				PRODUCT_BUNDLE_IDENTIFIER = "ciCdExample.MVP-ExampleTests";
				PRODUCT_NAME = "$(TARGET_NAME)";
				SWIFT_EMIT_LOC_STRINGS = NO;
				SWIFT_VERSION = 5.0;
				TARGETED_DEVICE_FAMILY = "1,2";
				TEST_HOST = "$(BUILT_PRODUCTS_DIR)/MVP_Example.app/$(BUNDLE_EXECUTABLE_FOLDER_PATH)/MVP_Example";
			};
			name = Release;
		};
		368B85D72A85316F008FD49C /* Debug */ = {
			isa = XCBuildConfiguration;
			buildSettings = {
				ALWAYS_EMBED_SWIFT_STANDARD_LIBRARIES = YES;
				CODE_SIGN_STYLE = Automatic;
				CURRENT_PROJECT_VERSION = 1;
				DEVELOPMENT_TEAM = 65D24US5AQ;
				GENERATE_INFOPLIST_FILE = YES;
				MARKETING_VERSION = 1.0;
				PRODUCT_BUNDLE_IDENTIFIER = "ciCdExample.MVP-ExampleUITests";
				PRODUCT_NAME = "$(TARGET_NAME)";
				SWIFT_EMIT_LOC_STRINGS = NO;
				SWIFT_VERSION = 5.0;
				TARGETED_DEVICE_FAMILY = "1,2";
				TEST_TARGET_NAME = MVP_Example;
			};
			name = Debug;
		};
		368B85D82A85316F008FD49C /* Release */ = {
			isa = XCBuildConfiguration;
			buildSettings = {
				ALWAYS_EMBED_SWIFT_STANDARD_LIBRARIES = YES;
				CODE_SIGN_STYLE = Automatic;
				CURRENT_PROJECT_VERSION = 1;
				DEVELOPMENT_TEAM = 65D24US5AQ;
				GENERATE_INFOPLIST_FILE = YES;
				MARKETING_VERSION = 1.0;
				PRODUCT_BUNDLE_IDENTIFIER = "ciCdExample.MVP-ExampleUITests";
				PRODUCT_NAME = "$(TARGET_NAME)";
				SWIFT_EMIT_LOC_STRINGS = NO;
				SWIFT_VERSION = 5.0;
				TARGETED_DEVICE_FAMILY = "1,2";
				TEST_TARGET_NAME = MVP_Example;
			};
			name = Release;
		};
/* End XCBuildConfiguration section */

/* Begin XCConfigurationList section */
		368B85A12A85316E008FD49C /* Build configuration list for PBXProject "MVP_Example" */ = {
			isa = XCConfigurationList;
			buildConfigurations = (
				368B85CE2A85316F008FD49C /* Debug */,
				368B85CF2A85316F008FD49C /* Release */,
			);
			defaultConfigurationIsVisible = 0;
			defaultConfigurationName = Release;
		};
		368B85D02A85316F008FD49C /* Build configuration list for PBXNativeTarget "MVP_Example" */ = {
			isa = XCConfigurationList;
			buildConfigurations = (
				368B85D12A85316F008FD49C /* Debug */,
				368B85D22A85316F008FD49C /* Release */,
			);
			defaultConfigurationIsVisible = 0;
			defaultConfigurationName = Release;
		};
		368B85D32A85316F008FD49C /* Build configuration list for PBXNativeTarget "MVP_ExampleTests" */ = {
			isa = XCConfigurationList;
			buildConfigurations = (
				368B85D42A85316F008FD49C /* Debug */,
				368B85D52A85316F008FD49C /* Release */,
			);
			defaultConfigurationIsVisible = 0;
			defaultConfigurationName = Release;
		};
		368B85D62A85316F008FD49C /* Build configuration list for PBXNativeTarget "MVP_ExampleUITests" */ = {
			isa = XCConfigurationList;
			buildConfigurations = (
				368B85D72A85316F008FD49C /* Debug */,
				368B85D82A85316F008FD49C /* Release */,
			);
			defaultConfigurationIsVisible = 0;
			defaultConfigurationName = Release;
		};
/* End XCConfigurationList section */
	};
	rootObject = 368B859E2A85316E008FD49C /* Project object */;
}
